# This file is automatically @generated by Cargo.
# It is not intended for manual editing.
version = 4

[[package]]
name = "pit-application"
version = "0.1.0"
dependencies = [
 "pit-domain",
]

[[package]]
name = "pit-cli"
version = "0.1.0"
dependencies = [
 "pit-application",
 "pit-domain",
 "pit-infrastructure",
]

[[package]]
name = "pit-domain"
version = "0.1.0"

[[package]]
name = "pit-infrastructure"
version = "0.1.0"
dependencies = [
 "pit-application",
 "pit-domain",
]
